{
  "version": "4",
  "specifiers": {
    "jsr:@astral/astral@0.4.6": "0.4.6",
    "jsr:@b-fuze/deno-dom@*": "0.1.49",
    "jsr:@b-fuze/deno-dom@~0.1.48": "0.1.49",
    "jsr:@b-fuze/deno-dom@~0.1.49": "0.1.49",
    "jsr:@deno-library/progress@1.4.9": "1.4.9",
    "jsr:@denosaurs/plug@1.0.3": "1.0.3",
    "jsr:@panha/scrape@*": "2.1.2",
    "jsr:@panha/scrape@^2.1.2": "2.1.2",
    "jsr:@sofiagros/establish-api@0.1": "0.1.0",
    "jsr:@std/assert@0.223": "0.223.0",
    "jsr:@std/assert@~0.213.1": "0.213.1",
    "jsr:@std/async@0.223.0": "0.223.0",
    "jsr:@std/encoding@0.213.1": "0.213.1",
    "jsr:@std/fmt@0.213.1": "0.213.1",
    "jsr:@std/fmt@0.221.0": "0.221.0",
    "jsr:@std/fs@0.213.1": "0.213.1",
    "jsr:@std/fs@0.223.0": "0.223.0",
    "jsr:@std/path@0.213.1": "0.213.1",
    "jsr:@std/path@0.223.0": "0.223.0",
    "jsr:@std/path@~0.213.1": "0.213.1",
    "jsr:@zip-js/zip-js@2.7.41": "2.7.41"
  },
  "jsr": {
    "@astral/astral@0.4.6": {
      "integrity": "9c39ce0e24cac3ee2ca3bcdfb1edc5f16fc12ecfb5370fbb71c6aa418cb3f06c",
      "dependencies": [
        "jsr:@deno-library/progress",
        "jsr:@std/async",
        "jsr:@std/fs@0.223.0",
        "jsr:@std/path@0.223.0",
        "jsr:@zip-js/zip-js"
      ]
    },
    "@b-fuze/deno-dom@0.1.49": {
      "integrity": "45c40175fdd1e74ab2d4b54c4fdaabbad6e5b76ee28df12a48e076b3fa7901a9",
      "dependencies": [
        "jsr:@denosaurs/plug"
      ]
    },
    "@deno-library/progress@1.4.9": {
      "integrity": "86db695ae338cb1ae3ffa46d6f2e6a9cdef33a15c2ace6fa25354a91a9dd3909",
      "dependencies": [
        "jsr:@std/fmt@0.221.0"
      ]
    },
    "@denosaurs/plug@1.0.3": {
      "integrity": "b010544e386bea0ff3a1d05e0c88f704ea28cbd4d753439c2f1ee021a85d4640",
      "dependencies": [
        "jsr:@std/encoding",
        "jsr:@std/fmt@0.213.1",
        "jsr:@std/fs@0.213.1",
        "jsr:@std/path@0.213.1"
      ]
    },
    "@panha/scrape@2.1.2": {
      "integrity": "5aba64b7f15ffe956b1d5a44b9c0ccf28a3dc028f2d3dfd04302277bae20599a",
      "dependencies": [
        "jsr:@astral/astral",
        "jsr:@b-fuze/deno-dom@~0.1.48"
      ]
    },
    "@sofiagros/establish-api@0.1.0": {
      "integrity": "5506870775a4fc28c1206aaa9b39f14e7288e21e330d8cd1e8ecb33f29270245",
      "dependencies": [
        "jsr:@b-fuze/deno-dom@~0.1.49",
        "jsr:@panha/scrape@^2.1.2"
      ]
    },
    "@std/assert@0.213.1": {
      "integrity": "24c28178b30c8e0782c18e8e94ea72b16282207569cdd10ffb9d1d26f2edebfe"
    },
    "@std/assert@0.223.0": {
      "integrity": "eb8d6d879d76e1cc431205bd346ed4d88dc051c6366365b1af47034b0670be24"
    },
    "@std/async@0.223.0": {
      "integrity": "b42f635d89fb8f9e0e7dc258fbc8f33233e4977f61e0b20da08a8b51fd7b2c5d",
      "dependencies": [
        "jsr:@std/assert@0.223"
      ]
    },
    "@std/encoding@0.213.1": {
      "integrity": "fcbb6928713dde941a18ca5db88ca1544d0755ec8fb20fe61e2dc8144b390c62"
    },
    "@std/fmt@0.213.1": {
      "integrity": "a06d31777566d874b9c856c10244ac3e6b660bdec4c82506cd46be052a1082c3"
    },
    "@std/fmt@0.221.0": {
      "integrity": "379fed69bdd9731110f26b9085aeb740606b20428ce6af31ef6bd45ef8efa62a"
    },
    "@std/fs@0.213.1": {
      "integrity": "fbcaf099f8a85c27ab0712b666262cda8fe6d02e9937bf9313ecaea39a22c501",
      "dependencies": [
        "jsr:@std/assert@~0.213.1",
        "jsr:@std/path@~0.213.1"
      ]
    },
    "@std/fs@0.223.0": {
      "integrity": "3b4b0550b2c524cbaaa5a9170c90e96cbb7354e837ad1bdaf15fc9df1ae9c31c"
    },
    "@std/path@0.213.1": {
      "integrity": "f187bf278a172752e02fcbacf6bd78a335ed320d080a7ed3a5a59c3e88abc673",
      "dependencies": [
        "jsr:@std/assert@~0.213.1"
      ]
    },
    "@std/path@0.223.0": {
      "integrity": "593963402d7e6597f5a6e620931661053572c982fc014000459edc1f93cc3989",
      "dependencies": [
        "jsr:@std/assert@0.223"
      ]
    },
    "@zip-js/zip-js@2.7.41": {
      "integrity": "a883116c1b46673de643f9cd3b6619d746271b96cd9a8e2b9d0bb8353d764d3d"
    }
  },
  "redirects": {
    "https://deno.land/x/webui/mod.ts": "https://deno.land/x/webui@2.5.1/mod.ts"
  },
  "remote": {
    "https://deno.land/std@0.170.0/_util/asserts.ts": "d0844e9b62510f89ce1f9878b046f6a57bf88f208a10304aab50efcb48365272",
    "https://deno.land/std@0.170.0/_util/os.ts": "8a33345f74990e627b9dfe2de9b040004b08ea5146c7c9e8fe9a29070d193934",
    "https://deno.land/std@0.170.0/encoding/base64.ts": "8605e018e49211efc767686f6f687827d7f5fd5217163e981d8d693105640d7a",
    "https://deno.land/std@0.170.0/fmt/colors.ts": "03ad95e543d2808bc43c17a3dd29d25b43d0f16287fe562a0be89bf632454a12",
    "https://deno.land/std@0.170.0/path/_constants.ts": "df1db3ffa6dd6d1252cc9617e5d72165cd2483df90e93833e13580687b6083c3",
    "https://deno.land/std@0.170.0/path/_interface.ts": "ee3b431a336b80cf445441109d089b70d87d5e248f4f90ff906820889ecf8d09",
    "https://deno.land/std@0.170.0/path/_util.ts": "d16be2a16e1204b65f9d0dfc54a9bc472cafe5f4a190b3c8471ec2016ccd1677",
    "https://deno.land/std@0.170.0/path/common.ts": "bee563630abd2d97f99d83c96c2fa0cca7cee103e8cb4e7699ec4d5db7bd2633",
    "https://deno.land/std@0.170.0/path/glob.ts": "81cc6c72be002cd546c7a22d1f263f82f63f37fe0035d9726aa96fc8f6e4afa1",
    "https://deno.land/std@0.170.0/path/mod.ts": "cf7cec7ac11b7048bb66af8ae03513e66595c279c65cfa12bfc07d9599608b78",
    "https://deno.land/std@0.170.0/path/posix.ts": "b859684bc4d80edfd4cad0a82371b50c716330bed51143d6dcdbe59e6278b30c",
    "https://deno.land/std@0.170.0/path/separator.ts": "fe1816cb765a8068afb3e8f13ad272351c85cbc739af56dacfc7d93d710fe0f9",
    "https://deno.land/std@0.170.0/path/win32.ts": "7cebd2bda6657371adc00061a1d23fdd87bcdf64b4843bb148b0b24c11b40f69",
    "https://deno.land/x/cliffy@v0.25.7/_utils/distance.ts": "02af166952c7c358ac83beae397aa2fbca4ad630aecfcd38d92edb1ea429f004",
    "https://deno.land/x/cliffy@v0.25.7/ansi/ansi_escapes.ts": "885f61f343223f27b8ec69cc138a54bea30542924eacd0f290cd84edcf691387",
    "https://deno.land/x/cliffy@v0.25.7/ansi/cursor_position.ts": "d537491e31d9c254b208277448eff92ff7f55978c4928dea363df92c0df0813f",
    "https://deno.land/x/cliffy@v0.25.7/ansi/deps.ts": "0f35cb7e91868ce81561f6a77426ea8bc55dc15e13f84c7352f211023af79053",
    "https://deno.land/x/cliffy@v0.25.7/ansi/tty.ts": "8fb064c17ead6cdf00c2d3bc87a9fd17b1167f2daa575c42b516f38bdb604673",
    "https://deno.land/x/cliffy@v0.25.7/keycode/key_code.ts": "c4ab0ffd102c2534962b765ded6d8d254631821bf568143d9352c1cdcf7a24be",
    "https://deno.land/x/cliffy@v0.25.7/keycode/key_codes.ts": "917f0a2da0dbace08cf29bcfdaaa2257da9fe7e705fff8867d86ed69dfb08cfe",
    "https://deno.land/x/cliffy@v0.25.7/prompt/_generic_input.ts": "737cff2de02c8ce35250f5dd79c67b5fc176423191a2abd1f471a90dd725659e",
    "https://deno.land/x/cliffy@v0.25.7/prompt/_generic_list.ts": "79b301bf09eb19f0d070d897f613f78d4e9f93100d7e9a26349ef0bfaa7408d2",
    "https://deno.land/x/cliffy@v0.25.7/prompt/_generic_prompt.ts": "8630ce89a66d83e695922df41721cada52900b515385d86def597dea35971bb2",
    "https://deno.land/x/cliffy@v0.25.7/prompt/_generic_suggestions.ts": "2a8b619f91e8f9a270811eff557f10f1343a444a527b5fc22c94de832939920c",
    "https://deno.land/x/cliffy@v0.25.7/prompt/_utils.ts": "676cca30762656ed1a9bcb21a7254244278a23ffc591750e98a501644b6d2df3",
    "https://deno.land/x/cliffy@v0.25.7/prompt/checkbox.ts": "e5a5a9adbb86835dffa2afbd23c6f7a8fe25a9d166485388ef25aba5dc3fbf9e",
    "https://deno.land/x/cliffy@v0.25.7/prompt/confirm.ts": "94c8e55de3bbcd53732804420935c432eab29945497d1c47c357d236a89cb5f6",
    "https://deno.land/x/cliffy@v0.25.7/prompt/deps.ts": "4c38ab18e55a792c9a136c1c29b2b6e21ea4820c45de7ef4cf517ce94012c57d",
    "https://deno.land/x/cliffy@v0.25.7/prompt/figures.ts": "26af0fbfe21497220e4b887bb550fab997498cde14703b98e78faf370fbb4b94",
    "https://deno.land/x/cliffy@v0.25.7/prompt/input.ts": "ee45532e0a30c2463e436e08ae291d79d1c2c40872e17364c96d2b97c279bf4d",
    "https://deno.land/x/cliffy@v0.25.7/prompt/list.ts": "6780427ff2a932a48c9b882d173c64802081d6cdce9ff618d66ba6504b6abc50",
    "https://deno.land/x/cliffy@v0.25.7/prompt/mod.ts": "195aed14d10d279914eaa28c696dec404d576ca424c097a5bc2b4a7a13b66c89",
    "https://deno.land/x/cliffy@v0.25.7/prompt/number.ts": "015305a76b50138234dde4fd50eb886c6c7c0baa1b314caf811484644acdc2cf",
    "https://deno.land/x/cliffy@v0.25.7/prompt/prompt.ts": "0e7f6a1d43475ee33fb25f7d50749b2f07fc0bcddd9579f3f9af12d05b4a4412",
    "https://deno.land/x/cliffy@v0.25.7/prompt/secret.ts": "58745f5231fb2c44294c4acf2511f8c5bfddfa1e12f259580ff90dedea2703d6",
    "https://deno.land/x/cliffy@v0.25.7/prompt/select.ts": "1e982eae85718e4e15a3ee10a5ae2233e532d7977d55888f3a309e8e3982b784",
    "https://deno.land/x/cliffy@v0.25.7/prompt/toggle.ts": "842c3754a40732f2e80bcd4670098713e402e64bd930e6cab2b787f7ad4d931a",
    "https://deno.land/x/webui@2.5.1/deps.ts": "4ed539a8a26d1c7002c10cb580895257553f6a91af6a8ac4682cd6aecc980f24",
    "https://deno.land/x/webui@2.5.1/mod.ts": "40c6cfe6c3af941bb5a8f291cd6e9fedbd4e5b401779a2d3594effe74c192b16",
    "https://deno.land/x/webui@2.5.1/src/lib.ts": "ee3554f4e095c39b9a11a2d19075893b93a1f954ee676b0c76fa3359c996c6d3",
    "https://deno.land/x/webui@2.5.1/src/types.ts": "5c1a4529c6f986c0766a7fdc61347ed8e914cbc2867a049ea31f07f4d970ec02",
    "https://deno.land/x/webui@2.5.1/src/utils.ts": "8ebf321e9d037a77ce86fd0027741c6e226d800e08551a9376fdb39677ab312b",
    "https://deno.land/x/webui@2.5.1/src/webui.ts": "f411ecb9e2e041f4690047fd3e1153ea04a717b2977223a3376fad1f3f7eb7ea"
  },
  "workspace": {
    "dependencies": [
      "jsr:@b-fuze/deno-dom@~0.1.49",
      "jsr:@panha/scrape@^2.1.2",
      "jsr:@sofiagros/establish-api@0.1"
    ]
  }
}
